github.com/lucasjabur/Dog v0.0.0-20250829115157-49a61b0ba46c h1:FcB4w9FaOEeq2c2IrBIMOx7uJ7iH9Gl1jGscA2jSA+k=
github.com/lucasjabur/Dog v0.0.0-20250829115157-49a61b0ba46c/go.mod h1:VrTYGTWad3QA8EibqacYyDnCl9YsxQc30nt6yDa5slI=
github.com/lucasjabur/Puppy v0.0.0-20250829115933-8fefe76f5cce h1:0YARkb2R0CTEEgSkrv7hCSxBUHMegdBcBQgQ5WSpcHE=
github.com/lucasjabur/Puppy v0.0.0-20250829115933-8fefe76f5cce/go.mod h1:3FTjMIuweb3WouqjXKLydimB/mKl8fS1OTE4xMbn3/k=
